
Microsoft Visual Studio Solution File, Format Version 12.00
# Visual Studio Version 16
VisualStudioVersion = 16.0.30413.136
MinimumVisualStudioVersion = 10.0.40219.1
Project("{9A19103F-16F7-4668-BE54-9A1E7A4F7556}") = "Keysight.OpenTap.Plugins.Sg", "Keysight.OpenTap.Plugins.Sg\Keysight.OpenTap.Plugins.Sg.csproj", "{EB2FE5C3-814A-474B-877A-B10171027FAE}"
EndProject
Project("{9A19103F-16F7-4668-BE54-9A1E7A4F7556}") = "Keysight.OpenTap.Plugins.Interfaces", "Keysight.OpenTap.Plugins.Interfaces\Keysight.OpenTap.Plugins.Interfaces.csproj", "{9186FC38-A1F4-4B42-8EDE-3F89486F60DE}"
EndProject
Project("{9A19103F-16F7-4668-BE54-9A1E7A4F7556}") = "Trial", "trail\Trial.csproj", "{8F675DC3-7D8D-43FC-9424-9023473F0415}"
EndProject
Project("{9A19103F-16F7-4668-BE54-9A1E7A4F7556}") = "TrialTest", "TrialTest\TrialTest.csproj", "{257053FC-CF77-44E7-9F55-526BD0792077}"
EndProject
Project("{FAE04EC0-301F-11D3-BF4B-00C04F79EFBC}") = "Keysight.OpenTap.Plugins.Exg", "Keysight.OpenTap.Plugins.Exg\Keysight.OpenTap.Plugins.Exg.csproj", "{F26CA02C-6850-4E34-A331-7C21CDF195DF}"
EndProject
Global
	GlobalSection(SolutionConfigurationPlatforms) = preSolution
		Debug|Any CPU = Debug|Any CPU
		Release|Any CPU = Release|Any CPU
	EndGlobalSection
	GlobalSection(ProjectConfigurationPlatforms) = postSolution
		{EB2FE5C3-814A-474B-877A-B10171027FAE}.Debug|Any CPU.ActiveCfg = Debug|Any CPU
		{EB2FE5C3-814A-474B-877A-B10171027FAE}.Debug|Any CPU.Build.0 = Debug|Any CPU
		{EB2FE5C3-814A-474B-877A-B10171027FAE}.Release|Any CPU.ActiveCfg = Release|Any CPU
		{EB2FE5C3-814A-474B-877A-B10171027FAE}.Release|Any CPU.Build.0 = Release|Any CPU
		{9186FC38-A1F4-4B42-8EDE-3F89486F60DE}.Debug|Any CPU.ActiveCfg = Debug|Any CPU
		{9186FC38-A1F4-4B42-8EDE-3F89486F60DE}.Debug|Any CPU.Build.0 = Debug|Any CPU
		{9186FC38-A1F4-4B42-8EDE-3F89486F60DE}.Release|Any CPU.ActiveCfg = Release|Any CPU
		{9186FC38-A1F4-4B42-8EDE-3F89486F60DE}.Release|Any CPU.Build.0 = Release|Any CPU
		{8F675DC3-7D8D-43FC-9424-9023473F0415}.Debug|Any CPU.ActiveCfg = Debug|Any CPU
		{8F675DC3-7D8D-43FC-9424-9023473F0415}.Debug|Any CPU.Build.0 = Debug|Any CPU
		{8F675DC3-7D8D-43FC-9424-9023473F0415}.Release|Any CPU.ActiveCfg = Release|Any CPU
		{8F675DC3-7D8D-43FC-9424-9023473F0415}.Release|Any CPU.Build.0 = Release|Any CPU
		{257053FC-CF77-44E7-9F55-526BD0792077}.Debug|Any CPU.ActiveCfg = Debug|Any CPU
		{257053FC-CF77-44E7-9F55-526BD0792077}.Debug|Any CPU.Build.0 = Debug|Any CPU
		{257053FC-CF77-44E7-9F55-526BD0792077}.Release|Any CPU.ActiveCfg = Release|Any CPU
		{257053FC-CF77-44E7-9F55-526BD0792077}.Release|Any CPU.Build.0 = Release|Any CPU
		{F26CA02C-6850-4E34-A331-7C21CDF195DF}.Debug|Any CPU.ActiveCfg = Debug|Any CPU
		{F26CA02C-6850-4E34-A331-7C21CDF195DF}.Debug|Any CPU.Build.0 = Debug|Any CPU
		{F26CA02C-6850-4E34-A331-7C21CDF195DF}.Release|Any CPU.ActiveCfg = Release|Any CPU
		{F26CA02C-6850-4E34-A331-7C21CDF195DF}.Release|Any CPU.Build.0 = Release|Any CPU
	EndGlobalSection
	GlobalSection(SolutionProperties) = preSolution
		HideSolutionNode = FALSE
	EndGlobalSection
	GlobalSection(ExtensibilityGlobals) = postSolution
		SolutionGuid = {452032B3-C96E-45F1-970B-92D983D638B3}
	EndGlobalSection
EndGlobal
